
Microsoft Visual Studio Solution File, Format Version 12.00
# Visual Studio Version 17
VisualStudioVersion = 17.4.33213.308
MinimumVisualStudioVersion = 10.0.40219.1
Project("{FAE04EC0-301F-11D3-BF4B-00C04F79EFBC}") = "SiparisApp.Core", "SiparisApp.Core\SiparisApp.Core.csproj", "{80593FA9-B48F-482D-A541-2D3EC9F2B2D3}"
EndProject
Project("{FAE04EC0-301F-11D3-BF4B-00C04F79EFBC}") = "SiparisApp.Service", "SiparisApp.Service\SiparisApp.Service.csproj", "{3FED5AC0-634C-4989-AC1C-39F98F8E7C7C}"
EndProject
Project("{FAE04EC0-301F-11D3-BF4B-00C04F79EFBC}") = "SiparisApp.Repository", "SiparisApp.Repository\SiparisApp.Repository.csproj", "{4031BC1C-7D14-4BE1-860D-682036F2F2B3}"
EndProject
Project("{FAE04EC0-301F-11D3-BF4B-00C04F79EFBC}") = "SiparisApp.API", "SiparisApp.API\SiparisApp.API.csproj", "{70E2C34A-295A-4BBD-BE7F-BAEB76A92DEB}"
EndProject
Project("{FAE04EC0-301F-11D3-BF4B-00C04F79EFBC}") = "SiparisApp.Web", "SiparisApp.Web\SiparisApp.Web.csproj", "{CDE14AEC-E439-476C-A795-13BD561BB775}"
EndProject
Global
	GlobalSection(SolutionConfigurationPlatforms) = preSolution
		Debug|Any CPU = Debug|Any CPU
		Release|Any CPU = Release|Any CPU
	EndGlobalSection
	GlobalSection(ProjectConfigurationPlatforms) = postSolution
		{80593FA9-B48F-482D-A541-2D3EC9F2B2D3}.Debug|Any CPU.ActiveCfg = Debug|Any CPU
		{80593FA9-B48F-482D-A541-2D3EC9F2B2D3}.Debug|Any CPU.Build.0 = Debug|Any CPU
		{80593FA9-B48F-482D-A541-2D3EC9F2B2D3}.Release|Any CPU.ActiveCfg = Release|Any CPU
		{80593FA9-B48F-482D-A541-2D3EC9F2B2D3}.Release|Any CPU.Build.0 = Release|Any CPU
		{3FED5AC0-634C-4989-AC1C-39F98F8E7C7C}.Debug|Any CPU.ActiveCfg = Debug|Any CPU
		{3FED5AC0-634C-4989-AC1C-39F98F8E7C7C}.Debug|Any CPU.Build.0 = Debug|Any CPU
		{3FED5AC0-634C-4989-AC1C-39F98F8E7C7C}.Release|Any CPU.ActiveCfg = Release|Any CPU
		{3FED5AC0-634C-4989-AC1C-39F98F8E7C7C}.Release|Any CPU.Build.0 = Release|Any CPU
		{4031BC1C-7D14-4BE1-860D-682036F2F2B3}.Debug|Any CPU.ActiveCfg = Debug|Any CPU
		{4031BC1C-7D14-4BE1-860D-682036F2F2B3}.Debug|Any CPU.Build.0 = Debug|Any CPU
		{4031BC1C-7D14-4BE1-860D-682036F2F2B3}.Release|Any CPU.ActiveCfg = Release|Any CPU
		{4031BC1C-7D14-4BE1-860D-682036F2F2B3}.Release|Any CPU.Build.0 = Release|Any CPU
		{70E2C34A-295A-4BBD-BE7F-BAEB76A92DEB}.Debug|Any CPU.ActiveCfg = Debug|Any CPU
		{70E2C34A-295A-4BBD-BE7F-BAEB76A92DEB}.Debug|Any CPU.Build.0 = Debug|Any CPU
		{70E2C34A-295A-4BBD-BE7F-BAEB76A92DEB}.Release|Any CPU.ActiveCfg = Release|Any CPU
		{70E2C34A-295A-4BBD-BE7F-BAEB76A92DEB}.Release|Any CPU.Build.0 = Release|Any CPU
		{CDE14AEC-E439-476C-A795-13BD561BB775}.Debug|Any CPU.ActiveCfg = Debug|Any CPU
		{CDE14AEC-E439-476C-A795-13BD561BB775}.Debug|Any CPU.Build.0 = Debug|Any CPU
		{CDE14AEC-E439-476C-A795-13BD561BB775}.Release|Any CPU.ActiveCfg = Release|Any CPU
		{CDE14AEC-E439-476C-A795-13BD561BB775}.Release|Any CPU.Build.0 = Release|Any CPU
	EndGlobalSection
	GlobalSection(SolutionProperties) = preSolution
		HideSolutionNode = FALSE
	EndGlobalSection
	GlobalSection(ExtensibilityGlobals) = postSolution
		SolutionGuid = {18145251-FC4A-475C-BD10-9622C541D3AE}
	EndGlobalSection
EndGlobal
